// !$*UTF8*$!
{
	archiveVersion = 1;
	classes = {
	};
	objectVersion = 56;
	objects = {

/* Begin PBXBuildFile section */
		70DF84E92BD3F2EC00D30855 /* AppDelegate.swift in Sources */ = {isa = PBXBuildFile; fileRef = 70DF84E82BD3F2EC00D30855 /* AppDelegate.swift */; };
		70DF84EB2BD3F2EC00D30855 /* SceneDelegate.swift in Sources */ = {isa = PBXBuildFile; fileRef = 70DF84EA2BD3F2EC00D30855 /* SceneDelegate.swift */; };
		70DF84ED2BD3F2EC00D30855 /* ViewController.swift in Sources */ = {isa = PBXBuildFile; fileRef = 70DF84EC2BD3F2EC00D30855 /* ViewController.swift */; };
		70DF84F02BD3F2EC00D30855 /* Main.storyboard in Resources */ = {isa = PBXBuildFile; fileRef = 70DF84EE2BD3F2EC00D30855 /* Main.storyboard */; };
		70DF84F22BD3F2ED00D30855 /* Assets.xcassets in Resources */ = {isa = PBXBuildFile; fileRef = 70DF84F12BD3F2ED00D30855 /* Assets.xcassets */; };
		70DF84F52BD3F2ED00D30855 /* LaunchScreen.storyboard in Resources */ = {isa = PBXBuildFile; fileRef = 70DF84F32BD3F2ED00D30855 /* LaunchScreen.storyboard */; };
		70DF85002BD3F2ED00D30855 /* hesapmakTests.swift in Sources */ = {isa = PBXBuildFile; fileRef = 70DF84FF2BD3F2ED00D30855 /* hesapmakTests.swift */; };
		70DF850A2BD3F2ED00D30855 /* hesapmakUITests.swift in Sources */ = {isa = PBXBuildFile; fileRef = 70DF85092BD3F2ED00D30855 /* hesapmakUITests.swift */; };
		70DF850C2BD3F2ED00D30855 /* hesapmakUITestsLaunchTests.swift in Sources */ = {isa = PBXBuildFile; fileRef = 70DF850B2BD3F2ED00D30855 /* hesapmakUITestsLaunchTests.swift */; };
/* End PBXBuildFile section */

/* Begin PBXContainerItemProxy section */
		70DF84FC2BD3F2ED00D30855 /* PBXContainerItemProxy */ = {
			isa = PBXContainerItemProxy;
			containerPortal = 70DF84DD2BD3F2EC00D30855 /* Project object */;
			proxyType = 1;
			remoteGlobalIDString = 70DF84E42BD3F2EC00D30855;
			remoteInfo = hesapmak;
		};
		70DF85062BD3F2ED00D30855 /* PBXContainerItemProxy */ = {
			isa = PBXContainerItemProxy;
			containerPortal = 70DF84DD2BD3F2EC00D30855 /* Project object */;
			proxyType = 1;
			remoteGlobalIDString = 70DF84E42BD3F2EC00D30855;
			remoteInfo = hesapmak;
		};
/* End PBXContainerItemProxy section */

/* Begin PBXFileReference section */
		70DF84E52BD3F2EC00D30855 /* hesapmak.app */ = {isa = PBXFileReference; explicitFileType = wrapper.application; includeInIndex = 0; path = hesapmak.app; sourceTree = BUILT_PRODUCTS_DIR; };
		70DF84E82BD3F2EC00D30855 /* AppDelegate.swift */ = {isa = PBXFileReference; lastKnownFileType = sourcecode.swift; path = AppDelegate.swift; sourceTree = "<group>"; };
		70DF84EA2BD3F2EC00D30855 /* SceneDelegate.swift */ = {isa = PBXFileReference; lastKnownFileType = sourcecode.swift; path = SceneDelegate.swift; sourceTree = "<group>"; };
		70DF84EC2BD3F2EC00D30855 /* ViewController.swift */ = {isa = PBXFileReference; lastKnownFileType = sourcecode.swift; path = ViewController.swift; sourceTree = "<group>"; };
		70DF84EF2BD3F2EC00D30855 /* Base */ = {isa = PBXFileReference; lastKnownFileType = file.storyboard; name = Base; path = Base.lproj/Main.storyboard; sourceTree = "<group>"; };
		70DF84F12BD3F2ED00D30855 /* Assets.xcassets */ = {isa = PBXFileReference; lastKnownFileType = folder.assetcatalog; path = Assets.xcassets; sourceTree = "<group>"; };
		70DF84F42BD3F2ED00D30855 /* Base */ = {isa = PBXFileReference; lastKnownFileType = file.storyboard; name = Base; path = Base.lproj/LaunchScreen.storyboard; sourceTree = "<group>"; };
		70DF84F62BD3F2ED00D30855 /* Info.plist */ = {isa = PBXFileReference; lastKnownFileType = text.plist.xml; path = Info.plist; sourceTree = "<group>"; };
		70DF84FB2BD3F2ED00D30855 /* hesapmakTests.xctest */ = {isa = PBXFileReference; explicitFileType = wrapper.cfbundle; includeInIndex = 0; path = hesapmakTests.xctest; sourceTree = BUILT_PRODUCTS_DIR; };
		70DF84FF2BD3F2ED00D30855 /* hesapmakTests.swift */ = {isa = PBXFileReference; lastKnownFileType = sourcecode.swift; path = hesapmakTests.swift; sourceTree = "<group>"; };
		70DF85052BD3F2ED00D30855 /* hesapmakUITests.xctest */ = {isa = PBXFileReference; explicitFileType = wrapper.cfbundle; includeInIndex = 0; path = hesapmakUITests.xctest; sourceTree = BUILT_PRODUCTS_DIR; };
		70DF85092BD3F2ED00D30855 /* hesapmakUITests.swift */ = {isa = PBXFileReference; lastKnownFileType = sourcecode.swift; path = hesapmakUITests.swift; sourceTree = "<group>"; };
		70DF850B2BD3F2ED00D30855 /* hesapmakUITestsLaunchTests.swift */ = {isa = PBXFileReference; lastKnownFileType = sourcecode.swift; path = hesapmakUITestsLaunchTests.swift; sourceTree = "<group>"; };
/* End PBXFileReference section */

/* Begin PBXFrameworksBuildPhase section */
		70DF84E22BD3F2EC00D30855 /* Frameworks */ = {
			isa = PBXFrameworksBuildPhase;
			buildActionMask = 2147483647;
			files = (
			);
			runOnlyForDeploymentPostprocessing = 0;
		};
		70DF84F82BD3F2ED00D30855 /* Frameworks */ = {
			isa = PBXFrameworksBuildPhase;
			buildActionMask = 2147483647;
			files = (
			);
			runOnlyForDeploymentPostprocessing = 0;
		};
		70DF85022BD3F2ED00D30855 /* Frameworks */ = {
			isa = PBXFrameworksBuildPhase;
			buildActionMask = 2147483647;
			files = (
			);
			runOnlyForDeploymentPostprocessing = 0;
		};
/* End PBXFrameworksBuildPhase section */

/* Begin PBXGroup section */
		70DF84DC2BD3F2EC00D30855 = {
			isa = PBXGroup;
			children = (
				70DF84E72BD3F2EC00D30855 /* hesapmak */,
				70DF84FE2BD3F2ED00D30855 /* hesapmakTests */,
				70DF85082BD3F2ED00D30855 /* hesapmakUITests */,
				70DF84E62BD3F2EC00D30855 /* Products */,
			);
			sourceTree = "<group>";
		};
		70DF84E62BD3F2EC00D30855 /* Products */ = {
			isa = PBXGroup;
			children = (
				70DF84E52BD3F2EC00D30855 /* hesapmak.app */,
				70DF84FB2BD3F2ED00D30855 /* hesapmakTests.xctest */,
				70DF85052BD3F2ED00D30855 /* hesapmakUITests.xctest */,
			);
			name = Products;
			sourceTree = "<group>";
		};
		70DF84E72BD3F2EC00D30855 /* hesapmak */ = {
			isa = PBXGroup;
			children = (
				70DF84E82BD3F2EC00D30855 /* AppDelegate.swift */,
				70DF84EA2BD3F2EC00D30855 /* SceneDelegate.swift */,
				70DF84EC2BD3F2EC00D30855 /* ViewController.swift */,
				70DF84EE2BD3F2EC00D30855 /* Main.storyboard */,
				70DF84F12BD3F2ED00D30855 /* Assets.xcassets */,
				70DF84F32BD3F2ED00D30855 /* LaunchScreen.storyboard */,
				70DF84F62BD3F2ED00D30855 /* Info.plist */,
			);
			path = hesapmak;
			sourceTree = "<group>";
		};
		70DF84FE2BD3F2ED00D30855 /* hesapmakTests */ = {
			isa = PBXGroup;
			children = (
				70DF84FF2BD3F2ED00D30855 /* hesapmakTests.swift */,
			);
			path = hesapmakTests;
			sourceTree = "<group>";
		};
		70DF85082BD3F2ED00D30855 /* hesapmakUITests */ = {
			isa = PBXGroup;
			children = (
				70DF85092BD3F2ED00D30855 /* hesapmakUITests.swift */,
				70DF850B2BD3F2ED00D30855 /* hesapmakUITestsLaunchTests.swift */,
			);
			path = hesapmakUITests;
			sourceTree = "<group>";
		};
/* End PBXGroup section */

/* Begin PBXNativeTarget section */
		70DF84E42BD3F2EC00D30855 /* hesapmak */ = {
			isa = PBXNativeTarget;
			buildConfigurationList = 70DF850F2BD3F2ED00D30855 /* Build configuration list for PBXNativeTarget "hesapmak" */;
			buildPhases = (
				70DF84E12BD3F2EC00D30855 /* Sources */,
				70DF84E22BD3F2EC00D30855 /* Frameworks */,
				70DF84E32BD3F2EC00D30855 /* Resources */,
			);
			buildRules = (
			);
			dependencies = (
			);
			name = hesapmak;
			productName = hesapmak;
			productReference = 70DF84E52BD3F2EC00D30855 /* hesapmak.app */;
			productType = "com.apple.product-type.application";
		};
		70DF84FA2BD3F2ED00D30855 /* hesapmakTests */ = {
			isa = PBXNativeTarget;
			buildConfigurationList = 70DF85122BD3F2ED00D30855 /* Build configuration list for PBXNativeTarget "hesapmakTests" */;
			buildPhases = (
				70DF84F72BD3F2ED00D30855 /* Sources */,
				70DF84F82BD3F2ED00D30855 /* Frameworks */,
				70DF84F92BD3F2ED00D30855 /* Resources */,
			);
			buildRules = (
			);
			dependencies = (
				70DF84FD2BD3F2ED00D30855 /* PBXTargetDependency */,
			);
			name = hesapmakTests;
			productName = hesapmakTests;
			productReference = 70DF84FB2BD3F2ED00D30855 /* hesapmakTests.xctest */;
			productType = "com.apple.product-type.bundle.unit-test";
		};
		70DF85042BD3F2ED00D30855 /* hesapmakUITests */ = {
			isa = PBXNativeTarget;
			buildConfigurationList = 70DF85152BD3F2ED00D30855 /* Build configuration list for PBXNativeTarget "hesapmakUITests" */;
			buildPhases = (
				70DF85012BD3F2ED00D30855 /* Sources */,
				70DF85022BD3F2ED00D30855 /* Frameworks */,
				70DF85032BD3F2ED00D30855 /* Resources */,
			);
			buildRules = (
			);
			dependencies = (
				70DF85072BD3F2ED00D30855 /* PBXTargetDependency */,
			);
			name = hesapmakUITests;
			productName = hesapmakUITests;
			productReference = 70DF85052BD3F2ED00D30855 /* hesapmakUITests.xctest */;
			productType = "com.apple.product-type.bundle.ui-testing";
		};
/* End PBXNativeTarget section */

/* Begin PBXProject section */
		70DF84DD2BD3F2EC00D30855 /* Project object */ = {
			isa = PBXProject;
			attributes = {
				BuildIndependentTargetsInParallel = 1;
				LastSwiftUpdateCheck = 1510;
				LastUpgradeCheck = 1510;
				TargetAttributes = {
					70DF84E42BD3F2EC00D30855 = {
						CreatedOnToolsVersion = 15.1;
					};
					70DF84FA2BD3F2ED00D30855 = {
						CreatedOnToolsVersion = 15.1;
						TestTargetID = 70DF84E42BD3F2EC00D30855;
					};
					70DF85042BD3F2ED00D30855 = {
						CreatedOnToolsVersion = 15.1;
						TestTargetID = 70DF84E42BD3F2EC00D30855;
					};
				};
			};
			buildConfigurationList = 70DF84E02BD3F2EC00D30855 /* Build configuration list for PBXProject "hesapmak" */;
			compatibilityVersion = "Xcode 14.0";
			developmentRegion = en;
			hasScannedForEncodings = 0;
			knownRegions = (
				en,
				Base,
			);
			mainGroup = 70DF84DC2BD3F2EC00D30855;
			productRefGroup = 70DF84E62BD3F2EC00D30855 /* Products */;
			projectDirPath = "";
			projectRoot = "";
			targets = (
				70DF84E42BD3F2EC00D30855 /* hesapmak */,
				70DF84FA2BD3F2ED00D30855 /* hesapmakTests */,
				70DF85042BD3F2ED00D30855 /* hesapmakUITests */,
			);
		};
/* End PBXProject section */

/* Begin PBXResourcesBuildPhase section */
		70DF84E32BD3F2EC00D30855 /* Resources */ = {
			isa = PBXResourcesBuildPhase;
			buildActionMask = 2147483647;
			files = (
				70DF84F52BD3F2ED00D30855 /* LaunchScreen.storyboard in Resources */,
				70DF84F22BD3F2ED00D30855 /* Assets.xcassets in Resources */,
				70DF84F02BD3F2EC00D30855 /* Main.storyboard in Resources */,
			);
			runOnlyForDeploymentPostprocessing = 0;
		};
		70DF84F92BD3F2ED00D30855 /* Resources */ = {
			isa = PBXResourcesBuildPhase;
			buildActionMask = 2147483647;
			files = (
			);
			runOnlyForDeploymentPostprocessing = 0;
		};
		70DF85032BD3F2ED00D30855 /* Resources */ = {
			isa = PBXResourcesBuildPhase;
			buildActionMask = 2147483647;
			files = (
			);
			runOnlyForDeploymentPostprocessing = 0;
		};
/* End PBXResourcesBuildPhase section */

/* Begin PBXSourcesBuildPhase section */
		70DF84E12BD3F2EC00D30855 /* Sources */ = {
			isa = PBXSourcesBuildPhase;
			buildActionMask = 2147483647;
			files = (
				70DF84ED2BD3F2EC00D30855 /* ViewController.swift in Sources */,
				70DF84E92BD3F2EC00D30855 /* AppDelegate.swift in Sources */,
				70DF84EB2BD3F2EC00D30855 /* SceneDelegate.swift in Sources */,
			);
			runOnlyForDeploymentPostprocessing = 0;
		};
		70DF84F72BD3F2ED00D30855 /* Sources */ = {
			isa = PBXSourcesBuildPhase;
			buildActionMask = 2147483647;
			files = (
				70DF85002BD3F2ED00D30855 /* hesapmakTests.swift in Sources */,
			);
			runOnlyForDeploymentPostprocessing = 0;
		};
		70DF85012BD3F2ED00D30855 /* Sources */ = {
			isa = PBXSourcesBuildPhase;
			buildActionMask = 2147483647;
			files = (
				70DF850C2BD3F2ED00D30855 /* hesapmakUITestsLaunchTests.swift in Sources */,
				70DF850A2BD3F2ED00D30855 /* hesapmakUITests.swift in Sources */,
			);
			runOnlyForDeploymentPostprocessing = 0;
		};
/* End PBXSourcesBuildPhase section */

/* Begin PBXTargetDependency section */
		70DF84FD2BD3F2ED00D30855 /* PBXTargetDependency */ = {
			isa = PBXTargetDependency;
			target = 70DF84E42BD3F2EC00D30855 /* hesapmak */;
			targetProxy = 70DF84FC2BD3F2ED00D30855 /* PBXContainerItemProxy */;
		};
		70DF85072BD3F2ED00D30855 /* PBXTargetDependency */ = {
			isa = PBXTargetDependency;
			target = 70DF84E42BD3F2EC00D30855 /* hesapmak */;
			targetProxy = 70DF85062BD3F2ED00D30855 /* PBXContainerItemProxy */;
		};
/* End PBXTargetDependency section */

/* Begin PBXVariantGroup section */
		70DF84EE2BD3F2EC00D30855 /* Main.storyboard */ = {
			isa = PBXVariantGroup;
			children = (
				70DF84EF2BD3F2EC00D30855 /* Base */,
			);
			name = Main.storyboard;
			sourceTree = "<group>";
		};
		70DF84F32BD3F2ED00D30855 /* LaunchScreen.storyboard */ = {
			isa = PBXVariantGroup;
			children = (
				70DF84F42BD3F2ED00D30855 /* Base */,
			);
			name = LaunchScreen.storyboard;
			sourceTree = "<group>";
		};
/* End PBXVariantGroup section */

/* Begin XCBuildConfiguration section */
		70DF850D2BD3F2ED00D30855 /* Debug */ = {
			isa = XCBuildConfiguration;
			buildSettings = {
				ALWAYS_SEARCH_USER_PATHS = NO;
				ASSETCATALOG_COMPILER_GENERATE_SWIFT_ASSET_SYMBOL_EXTENSIONS = YES;
				CLANG_ANALYZER_NONNULL = YES;
				CLANG_ANALYZER_NUMBER_OBJECT_CONVERSION = YES_AGGRESSIVE;
				CLANG_CXX_LANGUAGE_STANDARD = "gnu++20";
				CLANG_ENABLE_MODULES = YES;
				CLANG_ENABLE_OBJC_ARC = YES;
				CLANG_ENABLE_OBJC_WEAK = YES;
				CLANG_WARN_BLOCK_CAPTURE_AUTORELEASING = YES;
				CLANG_WARN_BOOL_CONVERSION = YES;
				CLANG_WARN_COMMA = YES;
				CLANG_WARN_CONSTANT_CONVERSION = YES;
				CLANG_WARN_DEPRECATED_OBJC_IMPLEMENTATIONS = YES;
				CLANG_WARN_DIRECT_OBJC_ISA_USAGE = YES_ERROR;
				CLANG_WARN_DOCUMENTATION_COMMENTS = YES;
				CLANG_WARN_EMPTY_BODY = YES;
				CLANG_WARN_ENUM_CONVERSION = YES;
				CLANG_WARN_INFINITE_RECURSION = YES;
				CLANG_WARN_INT_CONVERSION = YES;
				CLANG_WARN_NON_LITERAL_NULL_CONVERSION = YES;
				CLANG_WARN_OBJC_IMPLICIT_RETAIN_SELF = YES;
				CLANG_WARN_OBJC_LITERAL_CONVERSION = YES;
				CLANG_WARN_OBJC_ROOT_CLASS = YES_ERROR;
				CLANG_WARN_QUOTED_INCLUDE_IN_FRAMEWORK_HEADER = YES;
				CLANG_WARN_RANGE_LOOP_ANALYSIS = YES;
				CLANG_WARN_STRICT_PROTOTYPES = YES;
				CLANG_WARN_SUSPICIOUS_MOVE = YES;
				CLANG_WARN_UNGUARDED_AVAILABILITY = YES_AGGRESSIVE;
				CLANG_WARN_UNREACHABLE_CODE = YES;
				CLANG_WARN__DUPLICATE_METHOD_MATCH = YES;
				COPY_PHASE_STRIP = NO;
				DEBUG_INFORMATION_FORMAT = dwarf;
				ENABLE_STRICT_OBJC_MSGSEND = YES;
				ENABLE_TESTABILITY = YES;
				ENABLE_USER_SCRIPT_SANDBOXING = YES;
				GCC_C_LANGUAGE_STANDARD = gnu17;
				GCC_DYNAMIC_NO_PIC = NO;
				GCC_NO_COMMON_BLOCKS = YES;
				GCC_OPTIMIZATION_LEVEL = 0;
				GCC_PREPROCESSOR_DEFINITIONS = (
					"DEBUG=1",
					"$(inherited)",
				);
				GCC_WARN_64_TO_32_BIT_CONVERSION = YES;
				GCC_WARN_ABOUT_RETURN_TYPE = YES_ERROR;
				GCC_WARN_UNDECLARED_SELECTOR = YES;
				GCC_WARN_UNINITIALIZED_AUTOS = YES_AGGRESSIVE;
				GCC_WARN_UNUSED_FUNCTION = YES;
				GCC_WARN_UNUSED_VARIABLE = YES;
				IPHONEOS_DEPLOYMENT_TARGET = 17.2;
				LOCALIZATION_PREFERS_STRING_CATALOGS = YES;
				MTL_ENABLE_DEBUG_INFO = INCLUDE_SOURCE;
				MTL_FAST_MATH = YES;
				ONLY_ACTIVE_ARCH = YES;
				SDKROOT = iphoneos;
				SWIFT_ACTIVE_COMPILATION_CONDITIONS = "DEBUG $(inherited)";
				SWIFT_OPTIMIZATION_LEVEL = "-Onone";
			};
			name = Debug;
		};
		70DF850E2BD3F2ED00D30855 /* Release */ = {
			isa = XCBuildConfiguration;
			buildSettings = {
				ALWAYS_SEARCH_USER_PATHS = NO;
				ASSETCATALOG_COMPILER_GENERATE_SWIFT_ASSET_SYMBOL_EXTENSIONS = YES;
				CLANG_ANALYZER_NONNULL = YES;
				CLANG_ANALYZER_NUMBER_OBJECT_CONVERSION = YES_AGGRESSIVE;
				CLANG_CXX_LANGUAGE_STANDARD = "gnu++20";
				CLANG_ENABLE_MODULES = YES;
				CLANG_ENABLE_OBJC_ARC = YES;
				CLANG_ENABLE_OBJC_WEAK = YES;
				CLANG_WARN_BLOCK_CAPTURE_AUTORELEASING = YES;
				CLANG_WARN_BOOL_CONVERSION = YES;
				CLANG_WARN_COMMA = YES;
				CLANG_WARN_CONSTANT_CONVERSION = YES;
				CLANG_WARN_DEPRECATED_OBJC_IMPLEMENTATIONS = YES;
				CLANG_WARN_DIRECT_OBJC_ISA_USAGE = YES_ERROR;
				CLANG_WARN_DOCUMENTATION_COMMENTS = YES;
				CLANG_WARN_EMPTY_BODY = YES;
				CLANG_WARN_ENUM_CONVERSION = YES;
				CLANG_WARN_INFINITE_RECURSION = YES;
				CLANG_WARN_INT_CONVERSION = YES;
				CLANG_WARN_NON_LITERAL_NULL_CONVERSION = YES;
				CLANG_WARN_OBJC_IMPLICIT_RETAIN_SELF = YES;
				CLANG_WARN_OBJC_LITERAL_CONVERSION = YES;
				CLANG_WARN_OBJC_ROOT_CLASS = YES_ERROR;
				CLANG_WARN_QUOTED_INCLUDE_IN_FRAMEWORK_HEADER = YES;
				CLANG_WARN_RANGE_LOOP_ANALYSIS = YES;
				CLANG_WARN_STRICT_PROTOTYPES = YES;
				CLANG_WARN_SUSPICIOUS_MOVE = YES;
				CLANG_WARN_UNGUARDED_AVAILABILITY = YES_AGGRESSIVE;
				CLANG_WARN_UNREACHABLE_CODE = YES;
				CLANG_WARN__DUPLICATE_METHOD_MATCH = YES;
				COPY_PHASE_STRIP = NO;
				DEBUG_INFORMATION_FORMAT = "dwarf-with-dsym";
				ENABLE_NS_ASSERTIONS = NO;
				ENABLE_STRICT_OBJC_MSGSEND = YES;
				ENABLE_USER_SCRIPT_SANDBOXING = YES;
				GCC_C_LANGUAGE_STANDARD = gnu17;
				GCC_NO_COMMON_BLOCKS = YES;
				GCC_WARN_64_TO_32_BIT_CONVERSION = YES;
				GCC_WARN_ABOUT_RETURN_TYPE = YES_ERROR;
				GCC_WARN_UNDECLARED_SELECTOR = YES;
				GCC_WARN_UNINITIALIZED_AUTOS = YES_AGGRESSIVE;
				GCC_WARN_UNUSED_FUNCTION = YES;
				GCC_WARN_UNUSED_VARIABLE = YES;
				IPHONEOS_DEPLOYMENT_TARGET = 17.2;
				LOCALIZATION_PREFERS_STRING_CATALOGS = YES;
				MTL_ENABLE_DEBUG_INFO = NO;
				MTL_FAST_MATH = YES;
				SDKROOT = iphoneos;
				SWIFT_COMPILATION_MODE = wholemodule;
				VALIDATE_PRODUCT = YES;
			};
			name = Release;
		};
		70DF85102BD3F2ED00D30855 /* Debug */ = {
			isa = XCBuildConfiguration;
			buildSettings = {
				ASSETCATALOG_COMPILER_APPICON_NAME = AppIcon;
				ASSETCATALOG_COMPILER_GLOBAL_ACCENT_COLOR_NAME = AccentColor;
				CODE_SIGN_STYLE = Automatic;
				CURRENT_PROJECT_VERSION = 1;
				DEVELOPMENT_TEAM = LWGXP6HQ75;
				GENERATE_INFOPLIST_FILE = YES;
				INFOPLIST_FILE = hesapmak/Info.plist;
				INFOPLIST_KEY_UIApplicationSupportsIndirectInputEvents = YES;
				INFOPLIST_KEY_UILaunchStoryboardName = LaunchScreen;
				INFOPLIST_KEY_UIMainStoryboardFile = Main;
				INFOPLIST_KEY_UISupportedInterfaceOrientations_iPad = "UIInterfaceOrientationPortrait UIInterfaceOrientationPortraitUpsideDown UIInterfaceOrientationLandscapeLeft UIInterfaceOrientationLandscapeRight";
				INFOPLIST_KEY_UISupportedInterfaceOrientations_iPhone = "UIInterfaceOrientationPortrait UIInterfaceOrientationLandscapeLeft UIInterfaceOrientationLandscapeRight";
				LD_RUNPATH_SEARCH_PATHS = (
					"$(inherited)",
					"@executable_path/Frameworks",
				);
				MARKETING_VERSION = 1.0;
				PRODUCT_BUNDLE_IDENTIFIER = ayda1234.hesapmak;
				PRODUCT_NAME = "$(TARGET_NAME)";
				SWIFT_EMIT_LOC_STRINGS = YES;
				SWIFT_VERSION = 5.0;
				TARGETED_DEVICE_FAMILY = "1,2";
			};
			name = Debug;
		};
		70DF85112BD3F2ED00D30855 /* Release */ = {
			isa = XCBuildConfiguration;
			buildSettings = {
				ASSETCATALOG_COMPILER_APPICON_NAME = AppIcon;
				ASSETCATALOG_COMPILER_GLOBAL_ACCENT_COLOR_NAME = AccentColor;
				CODE_SIGN_STYLE = Automatic;
				CURRENT_PROJECT_VERSION = 1;
				DEVELOPMENT_TEAM = LWGXP6HQ75;
				GENERATE_INFOPLIST_FILE = YES;
				INFOPLIST_FILE = hesapmak/Info.plist;
				INFOPLIST_KEY_UIApplicationSupportsIndirectInputEvents = YES;
				INFOPLIST_KEY_UILaunchStoryboardName = LaunchScreen;
				INFOPLIST_KEY_UIMainStoryboardFile = Main;
				INFOPLIST_KEY_UISupportedInterfaceOrientations_iPad = "UIInterfaceOrientationPortrait UIInterfaceOrientationPortraitUpsideDown UIInterfaceOrientationLandscapeLeft UIInterfaceOrientationLandscapeRight";
				INFOPLIST_KEY_UISupportedInterfaceOrientations_iPhone = "UIInterfaceOrientationPortrait UIInterfaceOrientationLandscapeLeft UIInterfaceOrientationLandscapeRight";
				LD_RUNPATH_SEARCH_PATHS = (
					"$(inherited)",
					"@executable_path/Frameworks",
				);
				MARKETING_VERSION = 1.0;
				PRODUCT_BUNDLE_IDENTIFIER = ayda1234.hesapmak;
				PRODUCT_NAME = "$(TARGET_NAME)";
				SWIFT_EMIT_LOC_STRINGS = YES;
				SWIFT_VERSION = 5.0;
				TARGETED_DEVICE_FAMILY = "1,2";
			};
			name = Release;
		};
		70DF85132BD3F2ED00D30855 /* Debug */ = {
			isa = XCBuildConfiguration;
			buildSettings = {
				ALWAYS_EMBED_SWIFT_STANDARD_LIBRARIES = YES;
				BUNDLE_LOADER = "$(TEST_HOST)";
				CODE_SIGN_STYLE = Automatic;
				CURRENT_PROJECT_VERSION = 1;
				DEVELOPMENT_TEAM = LWGXP6HQ75;
				GENERATE_INFOPLIST_FILE = YES;
				IPHONEOS_DEPLOYMENT_TARGET = 17.2;
				MARKETING_VERSION = 1.0;
				PRODUCT_BUNDLE_IDENTIFIER = ayda1234.hesapmakTests;
				PRODUCT_NAME = "$(TARGET_NAME)";
				SWIFT_EMIT_LOC_STRINGS = NO;
				SWIFT_VERSION = 5.0;
				TARGETED_DEVICE_FAMILY = "1,2";
				TEST_HOST = "$(BUILT_PRODUCTS_DIR)/hesapmak.app/$(BUNDLE_EXECUTABLE_FOLDER_PATH)/hesapmak";
			};
			name = Debug;
		};
		70DF85142BD3F2ED00D30855 /* Release */ = {
			isa = XCBuildConfiguration;
			buildSettings = {
				ALWAYS_EMBED_SWIFT_STANDARD_LIBRARIES = YES;
				BUNDLE_LOADER = "$(TEST_HOST)";
				CODE_SIGN_STYLE = Automatic;
				CURRENT_PROJECT_VERSION = 1;
				DEVELOPMENT_TEAM = LWGXP6HQ75;
				GENERATE_INFOPLIST_FILE = YES;
				IPHONEOS_DEPLOYMENT_TARGET = 17.2;
				MARKETING_VERSION = 1.0;
				PRODUCT_BUNDLE_IDENTIFIER = ayda1234.hesapmakTests;
				PRODUCT_NAME = "$(TARGET_NAME)";
				SWIFT_EMIT_LOC_STRINGS = NO;
				SWIFT_VERSION = 5.0;
				TARGETED_DEVICE_FAMILY = "1,2";
				TEST_HOST = "$(BUILT_PRODUCTS_DIR)/hesapmak.app/$(BUNDLE_EXECUTABLE_FOLDER_PATH)/hesapmak";
			};
			name = Release;
		};
		70DF85162BD3F2ED00D30855 /* Debug */ = {
			isa = XCBuildConfiguration;
			buildSettings = {
				ALWAYS_EMBED_SWIFT_STANDARD_LIBRARIES = YES;
				CODE_SIGN_STYLE = Automatic;
				CURRENT_PROJECT_VERSION = 1;
				DEVELOPMENT_TEAM = LWGXP6HQ75;
				GENERATE_INFOPLIST_FILE = YES;
				MARKETING_VERSION = 1.0;
				PRODUCT_BUNDLE_IDENTIFIER = ayda1234.hesapmakUITests;
				PRODUCT_NAME = "$(TARGET_NAME)";
				SWIFT_EMIT_LOC_STRINGS = NO;
				SWIFT_VERSION = 5.0;
				TARGETED_DEVICE_FAMILY = "1,2";
				TEST_TARGET_NAME = hesapmak;
			};
			name = Debug;
		};
		70DF85172BD3F2ED00D30855 /* Release */ = {
			isa = XCBuildConfiguration;
			buildSettings = {
				ALWAYS_EMBED_SWIFT_STANDARD_LIBRARIES = YES;
				CODE_SIGN_STYLE = Automatic;
				CURRENT_PROJECT_VERSION = 1;
				DEVELOPMENT_TEAM = LWGXP6HQ75;
				GENERATE_INFOPLIST_FILE = YES;
				MARKETING_VERSION = 1.0;
				PRODUCT_BUNDLE_IDENTIFIER = ayda1234.hesapmakUITests;
				PRODUCT_NAME = "$(TARGET_NAME)";
				SWIFT_EMIT_LOC_STRINGS = NO;
				SWIFT_VERSION = 5.0;
				TARGETED_DEVICE_FAMILY = "1,2";
				TEST_TARGET_NAME = hesapmak;
			};
			name = Release;
		};
/* End XCBuildConfiguration section */

/* Begin XCConfigurationList section */
		70DF84E02BD3F2EC00D30855 /* Build configuration list for PBXProject "hesapmak" */ = {
			isa = XCConfigurationList;
			buildConfigurations = (
				70DF850D2BD3F2ED00D30855 /* Debug */,
				70DF850E2BD3F2ED00D30855 /* Release */,
			);
			defaultConfigurationIsVisible = 0;
			defaultConfigurationName = Release;
		};
		70DF850F2BD3F2ED00D30855 /* Build configuration list for PBXNativeTarget "hesapmak" */ = {
			isa = XCConfigurationList;
			buildConfigurations = (
				70DF85102BD3F2ED00D30855 /* Debug */,
				70DF85112BD3F2ED00D30855 /* Release */,
			);
			defaultConfigurationIsVisible = 0;
			defaultConfigurationName = Release;
		};
		70DF85122BD3F2ED00D30855 /* Build configuration list for PBXNativeTarget "hesapmakTests" */ = {
			isa = XCConfigurationList;
			buildConfigurations = (
				70DF85132BD3F2ED00D30855 /* Debug */,
				70DF85142BD3F2ED00D30855 /* Release */,
			);
			defaultConfigurationIsVisible = 0;
			defaultConfigurationName = Release;
		};
		70DF85152BD3F2ED00D30855 /* Build configuration list for PBXNativeTarget "hesapmakUITests" */ = {
			isa = XCConfigurationList;
			buildConfigurations = (
				70DF85162BD3F2ED00D30855 /* Debug */,
				70DF85172BD3F2ED00D30855 /* Release */,
			);
			defaultConfigurationIsVisible = 0;
			defaultConfigurationName = Release;
		};
/* End XCConfigurationList section */
	};
	rootObject = 70DF84DD2BD3F2EC00D30855 /* Project object */;
}
